
Microsoft Visual Studio Solution File, Format Version 12.00
# Visual Studio Version 17
VisualStudioVersion = 17.2.32630.192
MinimumVisualStudioVersion = 10.0.40219.1
Project("{9A19103F-16F7-4668-BE54-9A1E7A4F7556}") = "ContosoPizza", "ContosoPizza.csproj", "{7619E22E-0811-45D0-97F5-6D47CEB4AFF5}"
EndProject
Global
	GlobalSection(SolutionConfigurationPlatforms) = preSolution
		Debug|Any CPU = Debug|Any CPU
		Release|Any CPU = Release|Any CPU
	EndGlobalSection
	GlobalSection(ProjectConfigurationPlatforms) = postSolution
		{7619E22E-0811-45D0-97F5-6D47CEB4AFF5}.Debug|Any CPU.ActiveCfg = Debug|Any CPU
		{7619E22E-0811-45D0-97F5-6D47CEB4AFF5}.Debug|Any CPU.Build.0 = Debug|Any CPU
		{7619E22E-0811-45D0-97F5-6D47CEB4AFF5}.Release|Any CPU.ActiveCfg = Release|Any CPU
		{7619E22E-0811-45D0-97F5-6D47CEB4AFF5}.Release|Any CPU.Build.0 = Release|Any CPU
	EndGlobalSection
	GlobalSection(SolutionProperties) = preSolution
		HideSolutionNode = FALSE
	EndGlobalSection
	GlobalSection(ExtensibilityGlobals) = postSolution
		SolutionGuid = {F929FAC2-4294-40E5-B2AD-FF37F25EC567}
	EndGlobalSection
EndGlobal
