
Microsoft Visual Studio Solution File, Format Version 12.00
# Visual Studio Version 16
VisualStudioVersion = 16.0.30114.105
MinimumVisualStudioVersion = 10.0.40219.1
Project("{FAE04EC0-301F-11D3-BF4B-00C04F79EFBC}") = "Projeto.ConsoleApp", "Projeto.ConsoleApp\Projeto.ConsoleApp.csproj", "{F73C97E0-FDAE-4F61-B5AD-9D536A351208}"
EndProject
Project("{FAE04EC0-301F-11D3-BF4B-00C04F79EFBC}") = "Projeto.LogicaNegocio", "Projeto.LogicaNegocio\Projeto.LogicaNegocio.csproj", "{DE543770-C571-4FC1-ADA2-0FCDE3810133}"
EndProject
Project("{FAE04EC0-301F-11D3-BF4B-00C04F79EFBC}") = "Projeto.Modelo", "Projeto.Modelo\Projeto.Modelo.csproj", "{00445FB5-5DFB-48A1-912B-9A3A4DE33A1A}"
EndProject
Project("{FAE04EC0-301F-11D3-BF4B-00C04F79EFBC}") = "Projeto.Tests", "Projeto.Tests\Projeto.Tests.csproj", "{7F90D3EE-DD7F-4A56-B73E-94B802E5BFC9}"
EndProject
Global
	GlobalSection(SolutionConfigurationPlatforms) = preSolution
		Debug|Any CPU = Debug|Any CPU
		Release|Any CPU = Release|Any CPU
	EndGlobalSection
	GlobalSection(SolutionProperties) = preSolution
		HideSolutionNode = FALSE
	EndGlobalSection
	GlobalSection(ProjectConfigurationPlatforms) = postSolution
		{F73C97E0-FDAE-4F61-B5AD-9D536A351208}.Debug|Any CPU.ActiveCfg = Debug|Any CPU
		{F73C97E0-FDAE-4F61-B5AD-9D536A351208}.Debug|Any CPU.Build.0 = Debug|Any CPU
		{F73C97E0-FDAE-4F61-B5AD-9D536A351208}.Release|Any CPU.ActiveCfg = Release|Any CPU
		{F73C97E0-FDAE-4F61-B5AD-9D536A351208}.Release|Any CPU.Build.0 = Release|Any CPU
		{DE543770-C571-4FC1-ADA2-0FCDE3810133}.Debug|Any CPU.ActiveCfg = Debug|Any CPU
		{DE543770-C571-4FC1-ADA2-0FCDE3810133}.Debug|Any CPU.Build.0 = Debug|Any CPU
		{DE543770-C571-4FC1-ADA2-0FCDE3810133}.Release|Any CPU.ActiveCfg = Release|Any CPU
		{DE543770-C571-4FC1-ADA2-0FCDE3810133}.Release|Any CPU.Build.0 = Release|Any CPU
		{00445FB5-5DFB-48A1-912B-9A3A4DE33A1A}.Debug|Any CPU.ActiveCfg = Debug|Any CPU
		{00445FB5-5DFB-48A1-912B-9A3A4DE33A1A}.Debug|Any CPU.Build.0 = Debug|Any CPU
		{00445FB5-5DFB-48A1-912B-9A3A4DE33A1A}.Release|Any CPU.ActiveCfg = Release|Any CPU
		{00445FB5-5DFB-48A1-912B-9A3A4DE33A1A}.Release|Any CPU.Build.0 = Release|Any CPU
		{7F90D3EE-DD7F-4A56-B73E-94B802E5BFC9}.Debug|Any CPU.ActiveCfg = Debug|Any CPU
		{7F90D3EE-DD7F-4A56-B73E-94B802E5BFC9}.Debug|Any CPU.Build.0 = Debug|Any CPU
		{7F90D3EE-DD7F-4A56-B73E-94B802E5BFC9}.Release|Any CPU.ActiveCfg = Release|Any CPU
		{7F90D3EE-DD7F-4A56-B73E-94B802E5BFC9}.Release|Any CPU.Build.0 = Release|Any CPU
	EndGlobalSection
EndGlobal
