
Microsoft Visual Studio Solution File, Format Version 12.00
# Visual Studio Version 17
VisualStudioVersion = 17.3.32804.467
MinimumVisualStudioVersion = 10.0.40219.1
Project("{FAE04EC0-301F-11D3-BF4B-00C04F79EFBC}") = "ExemploSQLDB", "ExemploSQLDB\ExemploSQLDB.csproj", "{CEC14DCB-7A99-4B5D-9F75-A6CC3FC58EBC}"
EndProject
Global
	GlobalSection(SolutionConfigurationPlatforms) = preSolution
		Debug|Any CPU = Debug|Any CPU
		Release|Any CPU = Release|Any CPU
	EndGlobalSection
	GlobalSection(ProjectConfigurationPlatforms) = postSolution
		{CEC14DCB-7A99-4B5D-9F75-A6CC3FC58EBC}.Debug|Any CPU.ActiveCfg = Debug|Any CPU
		{CEC14DCB-7A99-4B5D-9F75-A6CC3FC58EBC}.Debug|Any CPU.Build.0 = Debug|Any CPU
		{CEC14DCB-7A99-4B5D-9F75-A6CC3FC58EBC}.Release|Any CPU.ActiveCfg = Release|Any CPU
		{CEC14DCB-7A99-4B5D-9F75-A6CC3FC58EBC}.Release|Any CPU.Build.0 = Release|Any CPU
	EndGlobalSection
	GlobalSection(SolutionProperties) = preSolution
		HideSolutionNode = FALSE
	EndGlobalSection
	GlobalSection(ExtensibilityGlobals) = postSolution
		SolutionGuid = {ACC83A92-E20D-413F-821E-68468B2926AE}
	EndGlobalSection
EndGlobal
