
Microsoft Visual Studio Solution File, Format Version 12.00
# Visual Studio Version 16
VisualStudioVersion = 16.0.30114.105
MinimumVisualStudioVersion = 10.0.40219.1
Project("{FAE04EC0-301F-11D3-BF4B-00C04F79EFBC}") = "Projeto.ConsoleApp", "Projeto.ConsoleApp\Projeto.ConsoleApp.csproj", "{C0777EB0-33F2-4DF9-9665-752B90C55318}"
EndProject
Project("{FAE04EC0-301F-11D3-BF4B-00C04F79EFBC}") = "Projeto.LogicaNegocio", "Projeto.LogicaNegocio\Projeto.LogicaNegocio.csproj", "{9323CF21-03D3-4230-B140-847E8C768CB3}"
EndProject
Project("{FAE04EC0-301F-11D3-BF4B-00C04F79EFBC}") = "Projeto.Modelo", "Projeto.Modelo\Projeto.Modelo.csproj", "{6B0D82AD-106B-407C-8638-DAC40D958F0D}"
EndProject
Project("{FAE04EC0-301F-11D3-BF4B-00C04F79EFBC}") = "Projeto.Tests", "Projeto.Tests\Projeto.Tests.csproj", "{15C3A7ED-26C3-44FC-B3DE-49A61AD1C129}"
EndProject
Global
	GlobalSection(SolutionConfigurationPlatforms) = preSolution
		Debug|Any CPU = Debug|Any CPU
		Release|Any CPU = Release|Any CPU
	EndGlobalSection
	GlobalSection(SolutionProperties) = preSolution
		HideSolutionNode = FALSE
	EndGlobalSection
	GlobalSection(ProjectConfigurationPlatforms) = postSolution
		{C0777EB0-33F2-4DF9-9665-752B90C55318}.Debug|Any CPU.ActiveCfg = Debug|Any CPU
		{C0777EB0-33F2-4DF9-9665-752B90C55318}.Debug|Any CPU.Build.0 = Debug|Any CPU
		{C0777EB0-33F2-4DF9-9665-752B90C55318}.Release|Any CPU.ActiveCfg = Release|Any CPU
		{C0777EB0-33F2-4DF9-9665-752B90C55318}.Release|Any CPU.Build.0 = Release|Any CPU
		{9323CF21-03D3-4230-B140-847E8C768CB3}.Debug|Any CPU.ActiveCfg = Debug|Any CPU
		{9323CF21-03D3-4230-B140-847E8C768CB3}.Debug|Any CPU.Build.0 = Debug|Any CPU
		{9323CF21-03D3-4230-B140-847E8C768CB3}.Release|Any CPU.ActiveCfg = Release|Any CPU
		{9323CF21-03D3-4230-B140-847E8C768CB3}.Release|Any CPU.Build.0 = Release|Any CPU
		{6B0D82AD-106B-407C-8638-DAC40D958F0D}.Debug|Any CPU.ActiveCfg = Debug|Any CPU
		{6B0D82AD-106B-407C-8638-DAC40D958F0D}.Debug|Any CPU.Build.0 = Debug|Any CPU
		{6B0D82AD-106B-407C-8638-DAC40D958F0D}.Release|Any CPU.ActiveCfg = Release|Any CPU
		{6B0D82AD-106B-407C-8638-DAC40D958F0D}.Release|Any CPU.Build.0 = Release|Any CPU
		{15C3A7ED-26C3-44FC-B3DE-49A61AD1C129}.Debug|Any CPU.ActiveCfg = Debug|Any CPU
		{15C3A7ED-26C3-44FC-B3DE-49A61AD1C129}.Debug|Any CPU.Build.0 = Debug|Any CPU
		{15C3A7ED-26C3-44FC-B3DE-49A61AD1C129}.Release|Any CPU.ActiveCfg = Release|Any CPU
		{15C3A7ED-26C3-44FC-B3DE-49A61AD1C129}.Release|Any CPU.Build.0 = Release|Any CPU
	EndGlobalSection
EndGlobal
